
Microsoft Visual Studio Solution File, Format Version 12.00
# Visual Studio Version 17
VisualStudioVersion = 17.0.31919.166
MinimumVisualStudioVersion = 10.0.40219.1
Project("{FAE04EC0-301F-11D3-BF4B-00C04F79EFBC}") = "Growth Plan Month 4 Assessment", "Growth Plan Month 4 Assessment\Growth Plan Month 4 Assessment.csproj", "{C8CB73D1-36BD-44B6-BA26-98741F2E8A9B}"
EndProject
Global
	GlobalSection(SolutionConfigurationPlatforms) = preSolution
		Debug|Any CPU = Debug|Any CPU
		Release|Any CPU = Release|Any CPU
	EndGlobalSection
	GlobalSection(ProjectConfigurationPlatforms) = postSolution
		{C8CB73D1-36BD-44B6-BA26-98741F2E8A9B}.Debug|Any CPU.ActiveCfg = Debug|Any CPU
		{C8CB73D1-36BD-44B6-BA26-98741F2E8A9B}.Debug|Any CPU.Build.0 = Debug|Any CPU
		{C8CB73D1-36BD-44B6-BA26-98741F2E8A9B}.Release|Any CPU.ActiveCfg = Release|Any CPU
		{C8CB73D1-36BD-44B6-BA26-98741F2E8A9B}.Release|Any CPU.Build.0 = Release|Any CPU
	EndGlobalSection
	GlobalSection(SolutionProperties) = preSolution
		HideSolutionNode = FALSE
	EndGlobalSection
	GlobalSection(ExtensibilityGlobals) = postSolution
		SolutionGuid = {64E6C020-7E4A-4D32-B673-4827B05073B8}
	EndGlobalSection
EndGlobal
